github.com/Hatch1fy/cron v0.4.80 h1:4/qX1Y7xGaN0EyrjZN9Z3MpJMfsOrgsgPz4iQsXEwiY=
github.com/Hatch1fy/cron v0.4.80/go.mod h1:srziZhU5rAzVXoUSkVkzq3iZOk+u+Y7pV3nL+dXN9L4=
github.com/Hatch1fy/filecacher v0.4.89 h1:47m3AboY+feePWUHOjblVnD/m5uOFA7ibpyXJ7Tz2Jk=
github.com/Hatch1fy/filecacher v0.4.89/go.mod h1:1JY6uO3MlUjaGtEDvKNIapY13jeyx9S8QByzznvXznc=
github.com/Hatch1fy/poller v0.4.87 h1:lK9gPrBBY8w6RWL9kERGf8c4GMV5HRgnFoZydul9Rd8=
github.com/Hatch1fy/poller v0.4.87/go.mod h1:kdNUo1RE2WVPMSgnYBGLtDpYqITyXybzTe8IM5DzS9k=
github.com/hatchify/atoms v0.4.79 h1:LGH5CYcOi8peub2rSBzebjgODEiR8LBMxjWCQZaKygA=
github.com/hatchify/atoms v0.4.79/go.mod h1:rj5Oi/MmC4N5juGypB+qZnBTxTJF8ywfykfpSkE/kBU=
github.com/hatchify/colors v0.4.79 h1:E7LXqZVYDFNaTcQGxlBSfEKQ2rByeAUW84uKkat3AoA=
github.com/hatchify/colors v0.4.79/go.mod h1:t0952Ef1zDFMVTCkOwhrdJS9ToVWTdcJ3PWCHZADLuU=
github.com/hatchify/errors v0.4.82 h1:o7eB9r1X3Sx7PBRRXMCaAm+vXcoQLE4ZOesIv4oK36Q=
github.com/hatchify/errors v0.4.82/go.mod h1:niCrsPjs0fFes147TgJ0LSUVdtavQTUvBxNoJm9Vew0=
github.com/hatchify/scribe v0.4.85 h1:WAk+15H9vS107uM4SOq1+/0H3rjsC6YuCMn0+kaeOBE=
github.com/hatchify/scribe v0.4.85/go.mod h1:Z8YLt9euurwMOwav9pqQrsMCOodHv6/LZ7IaltMykgQ=
