github.com/Hatch1fy/cron v0.4.76 h1:i9MluLOkCuFNX2F8tjcr7tE4ZKhlmi93v7kIqLy2StY=
github.com/Hatch1fy/cron v0.4.76/go.mod h1:qTM34B/bZEHUopeeyEIbvRGaZ9OcI0h5JfpLfI19rrU=
github.com/Hatch1fy/errors v0.4.76 h1:At+EkToySoPJHG04Cc448R1IFadB9jef1K43/x282v4=
github.com/Hatch1fy/errors v0.4.76/go.mod h1:LPnug0nWT7I99nYl62NfYjxNMCCEx3lBV5YWIco+H0w=
github.com/Hatch1fy/filecacher v0.4.77 h1:yMBDQDa0r1LVCZrC6c49p0TqIMTjDYi3NZ+XUzcdDB4=
github.com/Hatch1fy/filecacher v0.4.77/go.mod h1:SWMyw0qHl6n1Zn5ZeZi125R+F+Dh4yNAf9KHIK5wDRk=
github.com/Hatch1fy/filecacher v0.4.78 h1:qeoVqhANtYiSb0X5QKpT3vX7ofdY0f7Vll3Vzo9UAJA=
github.com/Hatch1fy/filecacher v0.4.78/go.mod h1:SWMyw0qHl6n1Zn5ZeZi125R+F+Dh4yNAf9KHIK5wDRk=
github.com/Hatch1fy/poller v0.4.77 h1:cjlxGCgKlN+qwnmVJ5nHaUcpdbZsLV1y46YYA4MV0sw=
github.com/Hatch1fy/poller v0.4.77/go.mod h1:7k1+a9xtmVRTRhtj6FAEx/B0sIVJOlI2911YJC3PtF0=
github.com/hatchify/atoms v0.4.76 h1:V/n4MqTIDDd1W0odE3kMpZT3QWOfOX/sOiZaL2lMPrE=
github.com/hatchify/atoms v0.4.76/go.mod h1:6H72BaBb4o7EHfkGXb3AriWU0S5CSrW1kDDHdjdeNB8=
github.com/hatchify/colors v0.4.76 h1:ok2RDcQKB9GYMsy/KFZXtKOihZEPsoReYQ3/Rr3BHVY=
github.com/hatchify/colors v0.4.76/go.mod h1:AG6qII7bJEBO7WL28IACU62PqoavhEqpNFhfE/5Zyfk=
github.com/hatchify/scribe v0.4.76 h1:CZDKPjSmZmZjITH+zhMlvKLH3nn8ZzsEF6sNqaz6RbI=
github.com/hatchify/scribe v0.4.76/go.mod h1:3YqP22ErbZzHMjbrG4jGAR6mBspBB7rT4gHNT9bHTiA=
